<?xml version="1.0" encoding="utf-8"?>
<Project ToolsVersion="4.0" xmlns="http://schemas.microsoft.com/developer/msbuild/2003">
  <ItemGroup>
    <Filter Include="Chapter1">
      <UniqueIdentifier>{d7d207ab-8437-4a92-bfbd-eea99acf6934}</UniqueIdentifier>
    </Filter>
    <Filter Include="Chapter2">
      <UniqueIdentifier>{ce799116-8c37-4c50-acf8-5223b49dcca6}</UniqueIdentifier>
    </Filter>
    <Filter Include="Chapter3">
      <UniqueIdentifier>{e2bad50e-6990-484f-bea3-b09f3efddfed}</UniqueIdentifier>
    </Filter>
    <Filter Include="Chapter4">
      <UniqueIdentifier>{0856b2f1-9e83-420a-af77-db73b6a7e226}</UniqueIdentifier>
    </Filter>
    <Filter Include="Chapter5">
      <UniqueIdentifier>{17b1d872-a73d-4bc5-afb9-103fd6be6b9a}</UniqueIdentifier>
    </Filter>
    <Filter Include="Chapter6">
      <UniqueIdentifier>{03e61f8b-59ae-48dd-8fbf-d30d260dbc78}</UniqueIdentifier>
    </Filter>
    <Filter Include="Chapter7">
      <UniqueIdentifier>{b22afedc-f299-44b2-84b3-38a716e3d287}</UniqueIdentifier>
    </Filter>
    <Filter Include="Chapter8">
      <UniqueIdentifier>{d71e29ea-3b59-4624-9edc-1335a8e37f72}</UniqueIdentifier>
    </Filter>
    <Filter Include="Chapter9">
      <UniqueIdentifier>{aebea01d-ce4a-4fc1-b7e0-628c62fb8cd3}</UniqueIdentifier>
    </Filter>
    <Filter Include="Chapter12">
      <UniqueIdentifier>{2b53f25f-f95c-408f-8f64-4af779bd56cf}</UniqueIdentifier>
    </Filter>
    <Filter Include="Chapter13">
      <UniqueIdentifier>{25d61bc3-063f-408f-9f2a-5a4b28ee0bc7}</UniqueIdentifier>
    </Filter>
    <Filter Include="Chapter14">
      <UniqueIdentifier>{778655da-7217-4dad-8283-f517902ab19a}</UniqueIdentifier>
    </Filter>
    <Filter Include="Chapter19">
      <UniqueIdentifier>{534ca2d6-b11e-429b-847a-4ee6112883e0}</UniqueIdentifier>
    </Filter>
    <Filter Include="Chapter20">
      <UniqueIdentifier>{ddfbb7cf-412f-4ef0-8b27-a107b2764cd1}</UniqueIdentifier>
    </Filter>
    <Filter Include="Chapter21">
      <UniqueIdentifier>{248ae413-c1fc-4079-9b31-e93353cbda49}</UniqueIdentifier>
    </Filter>
    <Filter Include="Chapter22">
      <UniqueIdentifier>{708112b5-1370-4202-85c2-909d0a197a5e}</UniqueIdentifier>
    </Filter>
    <Filter Include="Chapter23">
      <UniqueIdentifier>{69e9549e-611c-4add-a93d-95ab28f1879f}</UniqueIdentifier>
    </Filter>
    <Filter Include="Chapter24">
      <UniqueIdentifier>{e29a41eb-5c53-4fb6-91c6-73be51b05261}</UniqueIdentifier>
    </Filter>
  </ItemGroup>
  <ItemGroup>
    <ClCompile Include="1_1_hello_server_win.c">
      <Filter>Chapter1</Filter>
    </ClCompile>
    <ClCompile Include="2_1_tcp_server_win.c">
      <Filter>Chapter2</Filter>
    </ClCompile>
    <ClCompile Include="3_1_endian_conv_win.c">
      <Filter>Chapter3</Filter>
    </ClCompile>
    <ClCompile Include="3_2_inet_adrconv_win.c">
      <Filter>Chapter3</Filter>
    </ClCompile>
    <ClCompile Include="3_3_conv_addr_win.c">
      <Filter>Chapter3</Filter>
    </ClCompile>
    <ClCompile Include="4_1_echo_server_win.c">
      <Filter>Chapter4</Filter>
    </ClCompile>
    <ClCompile Include="5_1_op_server_win.c">
      <Filter>Chapter5</Filter>
    </ClCompile>
    <ClCompile Include="6_1_uecho_server_win.c">
      <Filter>Chapter6</Filter>
    </ClCompile>
    <ClCompile Include="7_1_file_server_win.c">
      <Filter>Chapter7</Filter>
    </ClCompile>
    <ClCompile Include="8_1_gethostbyname_win.c">
      <Filter>Chapter8</Filter>
    </ClCompile>
    <ClCompile Include="8_2_gethostbyaddr_win.c">
      <Filter>Chapter8</Filter>
    </ClCompile>
    <ClCompile Include="9_1_buf_win.c">
      <Filter>Chapter9</Filter>
    </ClCompile>
    <ClCompile Include="12_1_echo_selectserv_win.c">
      <Filter>Chapter12</Filter>
    </ClCompile>
    <ClCompile Include="13_1_oob_recv_win.c">
      <Filter>Chapter13</Filter>
    </ClCompile>
    <ClCompile Include="14_1_news_sender_win.c">
      <Filter>Chapter14</Filter>
    </ClCompile>
    <ClCompile Include="19_1_thread1_win.c">
      <Filter>Chapter19</Filter>
    </ClCompile>
    <ClCompile Include="19_2_thread2_win.c">
      <Filter>Chapter19</Filter>
    </ClCompile>
    <ClCompile Include="19_3_thread3_win.c">
      <Filter>Chapter19</Filter>
    </ClCompile>
    <ClCompile Include="20_1_SyncCS_win.c">
      <Filter>Chapter20</Filter>
    </ClCompile>
    <ClCompile Include="20_2_SyncMutex_win.c">
      <Filter>Chapter20</Filter>
    </ClCompile>
    <ClCompile Include="20_3_SyncSema_win.c">
      <Filter>Chapter20</Filter>
    </ClCompile>
    <ClCompile Include="20_4_SyncEvent_win.c">
      <Filter>Chapter20</Filter>
    </ClCompile>
    <ClCompile Include="20_5_chat_serv_win.c">
      <Filter>Chapter20</Filter>
    </ClCompile>
    <ClCompile Include="21_1_AsyncNotiEchoServ_win.c">
      <Filter>Chapter21</Filter>
    </ClCompile>
    <ClCompile Include="22_1_OverlappedRecv_win.c">
      <Filter>Chapter22</Filter>
    </ClCompile>
    <ClCompile Include="22_2_CmplRoutinesRecv_win.c">
      <Filter>Chapter22</Filter>
    </ClCompile>
    <ClCompile Include="23-1_CmplRouEchoServ_win.c">
      <Filter>Chapter23</Filter>
    </ClCompile>
    <ClCompile Include="23-2_IOCPEchoServ_win.c">
      <Filter>Chapter23</Filter>
    </ClCompile>
    <ClCompile Include="24_1_webserv_win.c">
      <Filter>Chapter24</Filter>
    </ClCompile>
  </ItemGroup>
</Project>