<?xml version="1.0" encoding="utf-8"?>
<Project ToolsVersion="4.0" xmlns="http://schemas.microsoft.com/developer/msbuild/2003">
  <ItemGroup>
    <Filter Include="Chapter1">
      <UniqueIdentifier>{d7d207ab-8437-4a92-bfbd-eea99acf6934}</UniqueIdentifier>
    </Filter>
    <Filter Include="Chapter2">
      <UniqueIdentifier>{ce799116-8c37-4c50-acf8-5223b49dcca6}</UniqueIdentifier>
    </Filter>
    <Filter Include="Chapter3">
      <UniqueIdentifier>{e2bad50e-6990-484f-bea3-b09f3efddfed}</UniqueIdentifier>
    </Filter>
    <Filter Include="Chapter4">
      <UniqueIdentifier>{0856b2f1-9e83-420a-af77-db73b6a7e226}</UniqueIdentifier>
    </Filter>
    <Filter Include="Chapter5">
      <UniqueIdentifier>{17b1d872-a73d-4bc5-afb9-103fd6be6b9a}</UniqueIdentifier>
    </Filter>
  </ItemGroup>
  <ItemGroup>
    <ClCompile Include="1_1_hello_server_win.c">
      <Filter>Chapter1</Filter>
    </ClCompile>
    <ClCompile Include="2_1_tcp_server_win.c">
      <Filter>Chapter2</Filter>
    </ClCompile>
    <ClCompile Include="3_1_endian_conv_win.c">
      <Filter>Chapter3</Filter>
    </ClCompile>
    <ClCompile Include="3_2_inet_adrconv_win.c">
      <Filter>Chapter3</Filter>
    </ClCompile>
    <ClCompile Include="3_3_conv_addr_win.c">
      <Filter>Chapter3</Filter>
    </ClCompile>
    <ClCompile Include="4_1_echo_server_win.c">
      <Filter>Chapter4</Filter>
    </ClCompile>
    <ClCompile Include="5_1_op_server_win.c">
      <Filter>Chapter5</Filter>
    </ClCompile>
  </ItemGroup>
</Project>