<?xml version="1.0" encoding="utf-8"?>
<Project ToolsVersion="4.0" xmlns="http://schemas.microsoft.com/developer/msbuild/2003">
  <ItemGroup>
    <Filter Include="Chapter1">
      <UniqueIdentifier>{a24d9ef8-e492-4570-87d3-002c3e223f3d}</UniqueIdentifier>
    </Filter>
    <Filter Include="Chapter2">
      <UniqueIdentifier>{1546d10a-c684-4a47-a70f-34d5457582ae}</UniqueIdentifier>
    </Filter>
    <Filter Include="Chapter3">
      <UniqueIdentifier>{cb5e6819-8a66-444e-a8dc-529dd5450f01}</UniqueIdentifier>
    </Filter>
    <Filter Include="Chapter4">
      <UniqueIdentifier>{d6bc9927-2b06-4234-a411-40fe795561c9}</UniqueIdentifier>
    </Filter>
    <Filter Include="Chapter5">
      <UniqueIdentifier>{07e88e10-db79-4292-bf1d-f823bce4fde9}</UniqueIdentifier>
    </Filter>
    <Filter Include="Chapter6">
      <UniqueIdentifier>{0ac580f2-1094-4532-8ab3-5c31358389d0}</UniqueIdentifier>
    </Filter>
    <Filter Include="Chapter7">
      <UniqueIdentifier>{8307dadc-3a83-4fb9-aa8f-d62f1a8fa5ff}</UniqueIdentifier>
    </Filter>
    <Filter Include="Chapter8">
      <UniqueIdentifier>{6e570ec7-1ca9-438a-8bdf-4dd454379b0e}</UniqueIdentifier>
    </Filter>
    <Filter Include="Chapter9">
      <UniqueIdentifier>{5383ffaf-ea01-400a-ad24-83424758c41b}</UniqueIdentifier>
    </Filter>
    <Filter Include="Chapter13">
      <UniqueIdentifier>{f8692312-3616-4f91-9c17-0dedea9d245a}</UniqueIdentifier>
    </Filter>
    <Filter Include="Chapter14">
      <UniqueIdentifier>{b7c0be9e-50c8-48b1-9564-bbdcbba84408}</UniqueIdentifier>
    </Filter>
    <Filter Include="Chapter20">
      <UniqueIdentifier>{5f723017-ad45-4267-ab62-b442788aee5b}</UniqueIdentifier>
    </Filter>
    <Filter Include="Chapter22">
      <UniqueIdentifier>{77e5f837-7b77-4f39-9146-3b55adf8de75}</UniqueIdentifier>
    </Filter>
  </ItemGroup>
  <ItemGroup>
    <ClCompile Include="1_1_hello_client_win.c">
      <Filter>Chapter1</Filter>
    </ClCompile>
    <ClCompile Include="2_1_tcp_client_win.c">
      <Filter>Chapter2</Filter>
    </ClCompile>
    <ClCompile Include="3_1_endian_conv_win.c">
      <Filter>Chapter3</Filter>
    </ClCompile>
    <ClCompile Include="3_2_inet_adrconv_win.c">
      <Filter>Chapter3</Filter>
    </ClCompile>
    <ClCompile Include="3_3_conv_addr_win.c">
      <Filter>Chapter3</Filter>
    </ClCompile>
    <ClCompile Include="4_1_echo_client_win.c">
      <Filter>Chapter4</Filter>
    </ClCompile>
    <ClCompile Include="5_1_op_client_win.c">
      <Filter>Chapter5</Filter>
    </ClCompile>
    <ClCompile Include="6_1_uecho_client_win.c">
      <Filter>Chapter6</Filter>
    </ClCompile>
    <ClCompile Include="7_1_file_client_win.c">
      <Filter>Chapter7</Filter>
    </ClCompile>
    <ClCompile Include="8_1_gethostbyname_win.c">
      <Filter>Chapter8</Filter>
    </ClCompile>
    <ClCompile Include="8_2_gethostbyaddr_win.c">
      <Filter>Chapter8</Filter>
    </ClCompile>
    <ClCompile Include="9_1_buf_win.c">
      <Filter>Chapter9</Filter>
    </ClCompile>
    <ClCompile Include="13_1_oob_send_win.c">
      <Filter>Chapter13</Filter>
    </ClCompile>
    <ClCompile Include="14_2_news_receiver_win.c">
      <Filter>Chapter14</Filter>
    </ClCompile>
    <ClCompile Include="chat_clnt_win.c">
      <Filter>Chapter20</Filter>
    </ClCompile>
    <ClCompile Include="22_1_OverlappedSend_win.c">
      <Filter>Chapter22</Filter>
    </ClCompile>
  </ItemGroup>
</Project>